
Microsoft Visual Studio Solution File, Format Version 12.00
# Visual Studio 15
VisualStudioVersion = 15.0.27130.2036
MinimumVisualStudioVersion = 10.0.40219.1
Project("{9A19103F-16F7-4668-BE54-9A1E7A4F7556}") = "BankAggExample", "BankAggExample\BankAggExample.csproj", "{81F740F4-7875-4ECF-AACA-E132CAD26696}"
EndProject
Project("{FAE04EC0-301F-11D3-BF4B-00C04F79EFBC}") = "BankAggExample.Tests", "BankAggExample.Tests\BankAggExample.Tests.csproj", "{52D2619C-C4D4-48D5-9A83-E015D5820AD4}"
EndProject
Global
	GlobalSection(SolutionConfigurationPlatforms) = preSolution
		Debug|Any CPU = Debug|Any CPU
		Release|Any CPU = Release|Any CPU
	EndGlobalSection
	GlobalSection(ProjectConfigurationPlatforms) = postSolution
		{81F740F4-7875-4ECF-AACA-E132CAD26696}.Debug|Any CPU.ActiveCfg = Debug|Any CPU
		{81F740F4-7875-4ECF-AACA-E132CAD26696}.Debug|Any CPU.Build.0 = Debug|Any CPU
		{81F740F4-7875-4ECF-AACA-E132CAD26696}.Release|Any CPU.ActiveCfg = Release|Any CPU
		{81F740F4-7875-4ECF-AACA-E132CAD26696}.Release|Any CPU.Build.0 = Release|Any CPU
		{52D2619C-C4D4-48D5-9A83-E015D5820AD4}.Debug|Any CPU.ActiveCfg = Debug|Any CPU
		{52D2619C-C4D4-48D5-9A83-E015D5820AD4}.Debug|Any CPU.Build.0 = Debug|Any CPU
		{52D2619C-C4D4-48D5-9A83-E015D5820AD4}.Release|Any CPU.ActiveCfg = Release|Any CPU
		{52D2619C-C4D4-48D5-9A83-E015D5820AD4}.Release|Any CPU.Build.0 = Release|Any CPU
	EndGlobalSection
	GlobalSection(SolutionProperties) = preSolution
		HideSolutionNode = FALSE
	EndGlobalSection
	GlobalSection(ExtensibilityGlobals) = postSolution
		SolutionGuid = {093F34DE-35A1-4164-A15D-3D840F8DEC6A}
	EndGlobalSection
EndGlobal
